
Microsoft Visual Studio Solution File, Format Version 12.00
# Visual Studio Version 17
VisualStudioVersion = 17.7.34024.191
MinimumVisualStudioVersion = 10.0.40219.1
Project("{FAE04EC0-301F-11D3-BF4B-00C04F79EFBC}") = "DHSP.API", "DHSP.API\DHSP.API.csproj", "{19741489-8BA5-4E69-B832-2487C3FBDCDD}"
EndProject
Global
	GlobalSection(SolutionConfigurationPlatforms) = preSolution
		Debug|Any CPU = Debug|Any CPU
		Release|Any CPU = Release|Any CPU
	EndGlobalSection
	GlobalSection(ProjectConfigurationPlatforms) = postSolution
		{19741489-8BA5-4E69-B832-2487C3FBDCDD}.Debug|Any CPU.ActiveCfg = Debug|Any CPU
		{19741489-8BA5-4E69-B832-2487C3FBDCDD}.Debug|Any CPU.Build.0 = Debug|Any CPU
		{19741489-8BA5-4E69-B832-2487C3FBDCDD}.Release|Any CPU.ActiveCfg = Release|Any CPU
		{19741489-8BA5-4E69-B832-2487C3FBDCDD}.Release|Any CPU.Build.0 = Release|Any CPU
	EndGlobalSection
	GlobalSection(SolutionProperties) = preSolution
		HideSolutionNode = FALSE
	EndGlobalSection
	GlobalSection(ExtensibilityGlobals) = postSolution
		SolutionGuid = {A9A7EB69-1E61-44D5-B786-82BDBACE8DBB}
	EndGlobalSection
EndGlobal
